# Prisma Migrate lockfile v1

20201028153758
20201029073330
20201029073647
20201029073822
20201029074510
20201029081852
20201029083622
20201029091135
20201029094818
20201029095503
20201029095607
20201104082310
20201104092703
20201104093140
20201104094240
20201104123016
20201104125407
20201104130011
20201104132752
20201104144531
20201104150017
20201104150619
20201104150706
20201104151256